
Microsoft Visual Studio Solution File, Format Version 12.00
# Visual Studio Version 16
VisualStudioVersion = 16.0.29609.76
MinimumVisualStudioVersion = 10.0.40219.1
Project("{FAE04EC0-301F-11D3-BF4B-00C04F79EFBC}") = "ShadowsHelper", "ShadowsHelper\ShadowsHelper.csproj", "{597EC5E7-81A9-474C-B3DE-200B92D2340C}"
EndProject
Global
	GlobalSection(SolutionConfigurationPlatforms) = preSolution
		Debug|Any CPU = Debug|Any CPU
		Release|Any CPU = Release|Any CPU
	EndGlobalSection
	GlobalSection(ProjectConfigurationPlatforms) = postSolution
		{597EC5E7-81A9-474C-B3DE-200B92D2340C}.Debug|Any CPU.ActiveCfg = Debug|Any CPU
		{597EC5E7-81A9-474C-B3DE-200B92D2340C}.Debug|Any CPU.Build.0 = Debug|Any CPU
		{597EC5E7-81A9-474C-B3DE-200B92D2340C}.Release|Any CPU.ActiveCfg = Release|Any CPU
		{597EC5E7-81A9-474C-B3DE-200B92D2340C}.Release|Any CPU.Build.0 = Release|Any CPU
	EndGlobalSection
	GlobalSection(SolutionProperties) = preSolution
		HideSolutionNode = FALSE
	EndGlobalSection
	GlobalSection(ExtensibilityGlobals) = postSolution
		SolutionGuid = {631CBBCB-0B79-4419-989E-FD98428A9F52}
	EndGlobalSection
EndGlobal
